// !$*UTF8*$!
{
	archiveVersion = 1;
	classes = {
	};
	objectVersion = 46;
	objects = {

/* Begin PBXBuildFile section */
		62CB2723180340F5A95C8372 /* libPods-Lunchie.a in Frameworks */ = {isa = PBXBuildFile; fileRef = 707FF70617884127BEEE532D /* libPods-Lunchie.a */; };
		8E367E35183DBEEA001792E1 /* Foundation.framework in Frameworks */ = {isa = PBXBuildFile; fileRef = 8E367E34183DBEEA001792E1 /* Foundation.framework */; };
		8E367E37183DBEEA001792E1 /* CoreGraphics.framework in Frameworks */ = {isa = PBXBuildFile; fileRef = 8E367E36183DBEEA001792E1 /* CoreGraphics.framework */; };
		8E367E39183DBEEA001792E1 /* UIKit.framework in Frameworks */ = {isa = PBXBuildFile; fileRef = 8E367E38183DBEEA001792E1 /* UIKit.framework */; };
		8E367E3F183DBEEA001792E1 /* InfoPlist.strings in Resources */ = {isa = PBXBuildFile; fileRef = 8E367E3D183DBEEA001792E1 /* InfoPlist.strings */; };
		8E367E41183DBEEA001792E1 /* main.m in Sources */ = {isa = PBXBuildFile; fileRef = 8E367E40183DBEEA001792E1 /* main.m */; };
		8E367E48183DBEEA001792E1 /* Main.storyboard in Resources */ = {isa = PBXBuildFile; fileRef = 8E367E46183DBEEA001792E1 /* Main.storyboard */; };
		8E367E4D183DBEEA001792E1 /* Images.xcassets in Resources */ = {isa = PBXBuildFile; fileRef = 8E367E4C183DBEEA001792E1 /* Images.xcassets */; };
		8E367E54183DBEEB001792E1 /* XCTest.framework in Frameworks */ = {isa = PBXBuildFile; fileRef = 8E367E53183DBEEB001792E1 /* XCTest.framework */; };
		8E367E55183DBEEB001792E1 /* Foundation.framework in Frameworks */ = {isa = PBXBuildFile; fileRef = 8E367E34183DBEEA001792E1 /* Foundation.framework */; };
		8E367E56183DBEEB001792E1 /* UIKit.framework in Frameworks */ = {isa = PBXBuildFile; fileRef = 8E367E38183DBEEA001792E1 /* UIKit.framework */; };
		8E367E5E183DBEEB001792E1 /* InfoPlist.strings in Resources */ = {isa = PBXBuildFile; fileRef = 8E367E5C183DBEEB001792E1 /* InfoPlist.strings */; };
		8E367E60183DBEEB001792E1 /* LunchieTests.m in Sources */ = {isa = PBXBuildFile; fileRef = 8E367E5F183DBEEB001792E1 /* LunchieTests.m */; };
		8E367E7C183DCB23001792E1 /* LCHAppDelegate.m in Sources */ = {isa = PBXBuildFile; fileRef = 8E367E7B183DCB23001792E1 /* LCHAppDelegate.m */; };
		8E367E7D183DCB23001792E1 /* LCHAppDelegate.m in Sources */ = {isa = PBXBuildFile; fileRef = 8E367E7B183DCB23001792E1 /* LCHAppDelegate.m */; };
		8E367E83183DCF07001792E1 /* Security.framework in Frameworks */ = {isa = PBXBuildFile; fileRef = 8E367E82183DCF07001792E1 /* Security.framework */; };
		8E37E4D618415D9C0074AFB4 /* intro_bkgrnd_1.png in Resources */ = {isa = PBXBuildFile; fileRef = 8E37E4D518415D9C0074AFB4 /* intro_bkgrnd_1.png */; };
		8E37E4DA18415FCE0074AFB4 /* LCHFontHelper.m in Sources */ = {isa = PBXBuildFile; fileRef = 8E37E4D918415FCE0074AFB4 /* LCHFontHelper.m */; };
		8E37E4DF1841616A0074AFB4 /* Sullivan-Bevel.otf in Resources */ = {isa = PBXBuildFile; fileRef = 8E37E4DC1841616A0074AFB4 /* Sullivan-Bevel.otf */; };
		8E37E4E01841616A0074AFB4 /* Sullivan-Regular.otf in Resources */ = {isa = PBXBuildFile; fileRef = 8E37E4DD1841616A0074AFB4 /* Sullivan-Regular.otf */; };
		8E37E4E11841616A0074AFB4 /* Sullivan-Fill.otf in Resources */ = {isa = PBXBuildFile; fileRef = 8E37E4DE1841616A0074AFB4 /* Sullivan-Fill.otf */; };
		8E37E4E4184161F80074AFB4 /* LCHColorHelper.m in Sources */ = {isa = PBXBuildFile; fileRef = 8E37E4E3184161F80074AFB4 /* LCHColorHelper.m */; };
		8E37E4E7184166AE0074AFB4 /* LCHIntroView.m in Sources */ = {isa = PBXBuildFile; fileRef = 8E37E4E6184166AE0074AFB4 /* LCHIntroView.m */; };
		8E37E4E918416D8D0074AFB4 /* intro_bkgrnd_2.png in Resources */ = {isa = PBXBuildFile; fileRef = 8E37E4E818416D8D0074AFB4 /* intro_bkgrnd_2.png */; };
		8E37E4EF18416FE00074AFB4 /* LCHSignupPanelView.m in Sources */ = {isa = PBXBuildFile; fileRef = 8E37E4EE18416FE00074AFB4 /* LCHSignupPanelView.m */; };
		8E37E4F318417C8D0074AFB4 /* LCHSocialMediaButton.m in Sources */ = {isa = PBXBuildFile; fileRef = 8E37E4F218417C8D0074AFB4 /* LCHSocialMediaButton.m */; };
		8E37E4F6184245340074AFB4 /* LCHVenuesViewController.m in Sources */ = {isa = PBXBuildFile; fileRef = 8E37E4F5184245340074AFB4 /* LCHVenuesViewController.m */; };
		8E37E4F9184251470074AFB4 /* LCHVenuePanel.m in Sources */ = {isa = PBXBuildFile; fileRef = 8E37E4F8184251470074AFB4 /* LCHVenuePanel.m */; };
		8E37E4FC184258FC0074AFB4 /* sauce@2x.png in Resources */ = {isa = PBXBuildFile; fileRef = 8E37E4FB184258FC0074AFB4 /* sauce@2x.png */; };
		8E37E4FF184262520074AFB4 /* heart@2x.png in Resources */ = {isa = PBXBuildFile; fileRef = 8E37E4FE184262520074AFB4 /* heart@2x.png */; };
		8E37E50618428B110074AFB4 /* thumbsDownIconNormal@2x.png in Resources */ = {isa = PBXBuildFile; fileRef = 8E37E50418428B110074AFB4 /* thumbsDownIconNormal@2x.png */; };
		8E37E50718428B110074AFB4 /* thumbsDownIconSelected@2x.png in Resources */ = {isa = PBXBuildFile; fileRef = 8E37E50518428B110074AFB4 /* thumbsDownIconSelected@2x.png */; };
		8E37E5091842AAE60074AFB4 /* backButton@2x.png in Resources */ = {isa = PBXBuildFile; fileRef = 8E37E5081842AAE60074AFB4 /* backButton@2x.png */; };
		8E6252A2183EB56D00244D54 /* LCHMenu.m in Sources */ = {isa = PBXBuildFile; fileRef = 8E6252A1183EB56D00244D54 /* LCHMenu.m */; };
		8E6252A3183EB56D00244D54 /* LCHMenu.m in Sources */ = {isa = PBXBuildFile; fileRef = 8E6252A1183EB56D00244D54 /* LCHMenu.m */; };
		8E6252A6183EB58A00244D54 /* LCHMenuEntry.m in Sources */ = {isa = PBXBuildFile; fileRef = 8E6252A5183EB58A00244D54 /* LCHMenuEntry.m */; };
		8E6252A7183EB58A00244D54 /* LCHMenuEntry.m in Sources */ = {isa = PBXBuildFile; fileRef = 8E6252A5183EB58A00244D54 /* LCHMenuEntry.m */; };
		8E6252AA183EB68400244D54 /* LCHMenuSection.m in Sources */ = {isa = PBXBuildFile; fileRef = 8E6252A9183EB68400244D54 /* LCHMenuSection.m */; };
		8E6252AB183EB68400244D54 /* LCHMenuSection.m in Sources */ = {isa = PBXBuildFile; fileRef = 8E6252A9183EB68400244D54 /* LCHMenuSection.m */; };
		8E6252AE183EB7DA00244D54 /* LCHFoursquareVenueMenuBuilder.m in Sources */ = {isa = PBXBuildFile; fileRef = 8E6252AD183EB7DA00244D54 /* LCHFoursquareVenueMenuBuilder.m */; };
		8E6252AF183EB7DA00244D54 /* LCHFoursquareVenueMenuBuilder.m in Sources */ = {isa = PBXBuildFile; fileRef = 8E6252AD183EB7DA00244D54 /* LCHFoursquareVenueMenuBuilder.m */; };
		8E6252B2183EC11E00244D54 /* LCHMenuTableViewController.m in Sources */ = {isa = PBXBuildFile; fileRef = 8E6252B1183EC11E00244D54 /* LCHMenuTableViewController.m */; };
		8E6252B3183EC11E00244D54 /* LCHMenuTableViewController.m in Sources */ = {isa = PBXBuildFile; fileRef = 8E6252B1183EC11E00244D54 /* LCHMenuTableViewController.m */; };
		8E6252B6183F02A400244D54 /* LCHReviewViewController.m in Sources */ = {isa = PBXBuildFile; fileRef = 8E6252B5183F02A400244D54 /* LCHReviewViewController.m */; };
		8E6252B7183F02A400244D54 /* LCHReviewViewController.m in Sources */ = {isa = PBXBuildFile; fileRef = 8E6252B5183F02A400244D54 /* LCHReviewViewController.m */; };
		8E6252BD183F06F200244D54 /* HPGrowingTextView.m in Sources */ = {isa = PBXBuildFile; fileRef = 8E6252BA183F06F200244D54 /* HPGrowingTextView.m */; };
		8E6252BE183F06F200244D54 /* HPGrowingTextView.m in Sources */ = {isa = PBXBuildFile; fileRef = 8E6252BA183F06F200244D54 /* HPGrowingTextView.m */; };
		8E6252BF183F06F200244D54 /* HPTextViewInternal.m in Sources */ = {isa = PBXBuildFile; fileRef = 8E6252BC183F06F200244D54 /* HPTextViewInternal.m */; };
		8E6252C0183F06F200244D54 /* HPTextViewInternal.m in Sources */ = {isa = PBXBuildFile; fileRef = 8E6252BC183F06F200244D54 /* HPTextViewInternal.m */; };
		8E6252C6183F198400244D54 /* LCHStoredVenueData.m in Sources */ = {isa = PBXBuildFile; fileRef = 8E6252C5183F198400244D54 /* LCHStoredVenueData.m */; };
		8E6252C7183F198400244D54 /* LCHStoredVenueData.m in Sources */ = {isa = PBXBuildFile; fileRef = 8E6252C5183F198400244D54 /* LCHStoredVenueData.m */; };
		8E6252CA183FAF4400244D54 /* LCHStoredVenueDatabase.m in Sources */ = {isa = PBXBuildFile; fileRef = 8E6252C9183FAF4400244D54 /* LCHStoredVenueDatabase.m */; };
		8E6252CB183FAF4400244D54 /* LCHStoredVenueDatabase.m in Sources */ = {isa = PBXBuildFile; fileRef = 8E6252C9183FAF4400244D54 /* LCHStoredVenueDatabase.m */; };
		8E6252CE183FB19A00244D54 /* LCHStoredVenue.m in Sources */ = {isa = PBXBuildFile; fileRef = 8E6252CD183FB19A00244D54 /* LCHStoredVenue.m */; };
		8E6252CF183FB19A00244D54 /* LCHStoredVenue.m in Sources */ = {isa = PBXBuildFile; fileRef = 8E6252CD183FB19A00244D54 /* LCHStoredVenue.m */; };
		8E6252D4183FFD2400244D54 /* LCHTwitterService.m in Sources */ = {isa = PBXBuildFile; fileRef = 8E6252D3183FFD2400244D54 /* LCHTwitterService.m */; };
		8E6252D5183FFD2400244D54 /* LCHTwitterService.m in Sources */ = {isa = PBXBuildFile; fileRef = 8E6252D3183FFD2400244D54 /* LCHTwitterService.m */; };
		8E6252D71840008B00244D54 /* Social.framework in Frameworks */ = {isa = PBXBuildFile; fileRef = 8E6252D61840008B00244D54 /* Social.framework */; };
		8E6252DA1840085800244D54 /* LCHFacebookService.m in Sources */ = {isa = PBXBuildFile; fileRef = 8E6252D91840085800244D54 /* LCHFacebookService.m */; };
		8E6252DB1840085800244D54 /* LCHFacebookService.m in Sources */ = {isa = PBXBuildFile; fileRef = 8E6252D91840085800244D54 /* LCHFacebookService.m */; };
		8E6252DE184060F900244D54 /* LCHIntroViewController.m in Sources */ = {isa = PBXBuildFile; fileRef = 8E6252DD184060F900244D54 /* LCHIntroViewController.m */; };
		8E6252DF184060F900244D54 /* LCHIntroViewController.m in Sources */ = {isa = PBXBuildFile; fileRef = 8E6252DD184060F900244D54 /* LCHIntroViewController.m */; };
		8E6252E618406AA200244D54 /* LCHSocialManager.m in Sources */ = {isa = PBXBuildFile; fileRef = 8E6252E518406AA200244D54 /* LCHSocialManager.m */; };
		8E6252E718406AA200244D54 /* LCHSocialManager.m in Sources */ = {isa = PBXBuildFile; fileRef = 8E6252E518406AA200244D54 /* LCHSocialManager.m */; };
		8E8BF21D1840F1810058262C /* LCHFakeTeam.m in Sources */ = {isa = PBXBuildFile; fileRef = 8E8BF21C1840F1810058262C /* LCHFakeTeam.m */; };
		8E8BF21E1840F1810058262C /* LCHFakeTeam.m in Sources */ = {isa = PBXBuildFile; fileRef = 8E8BF21C1840F1810058262C /* LCHFakeTeam.m */; };
		8EABBF3C183E679A00A3D705 /* LCHFoursquareService.m in Sources */ = {isa = PBXBuildFile; fileRef = 8EABBF3B183E679A00A3D705 /* LCHFoursquareService.m */; };
		8EABBF3D183E679A00A3D705 /* LCHFoursquareService.m in Sources */ = {isa = PBXBuildFile; fileRef = 8EABBF3B183E679A00A3D705 /* LCHFoursquareService.m */; };
		8EABBF3F183E67BA00A3D705 /* CoreLocation.framework in Frameworks */ = {isa = PBXBuildFile; fileRef = 8EABBF3E183E67BA00A3D705 /* CoreLocation.framework */; };
		8EABBF42183E689A00A3D705 /* LCHFoursquareServiceTests.m in Sources */ = {isa = PBXBuildFile; fileRef = 8EABBF41183E689A00A3D705 /* LCHFoursquareServiceTests.m */; };
		8EABBF46183E805100A3D705 /* LCHFoursquareVenueBuilder.m in Sources */ = {isa = PBXBuildFile; fileRef = 8EABBF45183E805100A3D705 /* LCHFoursquareVenueBuilder.m */; };
		8EABBF47183E805100A3D705 /* LCHFoursquareVenueBuilder.m in Sources */ = {isa = PBXBuildFile; fileRef = 8EABBF45183E805100A3D705 /* LCHFoursquareVenueBuilder.m */; };
		8EABBF4B183E808900A3D705 /* LCHFoursquareVenue.m in Sources */ = {isa = PBXBuildFile; fileRef = 8EABBF4A183E808900A3D705 /* LCHFoursquareVenue.m */; };
		8EABBF4C183E808900A3D705 /* LCHFoursquareVenue.m in Sources */ = {isa = PBXBuildFile; fileRef = 8EABBF4A183E808900A3D705 /* LCHFoursquareVenue.m */; };
		8EABBF50183E84D500A3D705 /* LCHNetworkManager.m in Sources */ = {isa = PBXBuildFile; fileRef = 8EABBF4F183E84D500A3D705 /* LCHNetworkManager.m */; };
		8EABBF51183E84D500A3D705 /* LCHNetworkManager.m in Sources */ = {isa = PBXBuildFile; fileRef = 8EABBF4F183E84D500A3D705 /* LCHNetworkManager.m */; };
		8EABBF54183E967800A3D705 /* LCHModel.m in Sources */ = {isa = PBXBuildFile; fileRef = 8EABBF53183E967800A3D705 /* LCHModel.m */; };
		8EABBF55183E967800A3D705 /* LCHModel.m in Sources */ = {isa = PBXBuildFile; fileRef = 8EABBF53183E967800A3D705 /* LCHModel.m */; };
		8ED72D8418438E1C00BC4BE0 /* pasta@2x.png in Resources */ = {isa = PBXBuildFile; fileRef = 8ED72D8218438E1C00BC4BE0 /* pasta@2x.png */; };
		8ED72D8518438E1C00BC4BE0 /* salad@2x.png in Resources */ = {isa = PBXBuildFile; fileRef = 8ED72D8318438E1C00BC4BE0 /* salad@2x.png */; };
		8ED72D88184395BD00BC4BE0 /* intro_bkgrnd_pasta.png in Resources */ = {isa = PBXBuildFile; fileRef = 8ED72D86184395BD00BC4BE0 /* intro_bkgrnd_pasta.png */; };
		8ED72D89184395BD00BC4BE0 /* intro_bkgrnd_salad.png in Resources */ = {isa = PBXBuildFile; fileRef = 8ED72D87184395BD00BC4BE0 /* intro_bkgrnd_salad.png */; };
		8ED72D8B18439EDC00BC4BE0 /* checkmarkIcon@2x.png in Resources */ = {isa = PBXBuildFile; fileRef = 8ED72D8A18439EDC00BC4BE0 /* checkmarkIcon@2x.png */; };
		A679EF86CF394708A95E38EE /* libPods-LunchieTests.a in Frameworks */ = {isa = PBXBuildFile; fileRef = D3778D5A5C9147229B596A65 /* libPods-LunchieTests.a */; };
/* End PBXBuildFile section */

/* Begin PBXContainerItemProxy section */
		8E367E57183DBEEB001792E1 /* PBXContainerItemProxy */ = {
			isa = PBXContainerItemProxy;
			containerPortal = 8E367E29183DBEEA001792E1 /* Project object */;
			proxyType = 1;
			remoteGlobalIDString = 8E367E30183DBEEA001792E1;
			remoteInfo = Lunchie;
		};
/* End PBXContainerItemProxy section */

/* Begin PBXFileReference section */
		1B8FAB723A4B4C9A92239D04 /* Pods-Lunchie.xcconfig */ = {isa = PBXFileReference; includeInIndex = 1; lastKnownFileType = text.xcconfig; name = "Pods-Lunchie.xcconfig"; path = "Pods/Pods-Lunchie.xcconfig"; sourceTree = "<group>"; };
		384B1BD7E3B343E6AEF9AFD1 /* Pods-LunchieTests.xcconfig */ = {isa = PBXFileReference; includeInIndex = 1; lastKnownFileType = text.xcconfig; name = "Pods-LunchieTests.xcconfig"; path = "Pods/Pods-LunchieTests.xcconfig"; sourceTree = "<group>"; };
		707FF70617884127BEEE532D /* libPods-Lunchie.a */ = {isa = PBXFileReference; explicitFileType = archive.ar; includeInIndex = 0; path = "libPods-Lunchie.a"; sourceTree = BUILT_PRODUCTS_DIR; };
		8E367E31183DBEEA001792E1 /* Lunchie.app */ = {isa = PBXFileReference; explicitFileType = wrapper.application; includeInIndex = 0; path = Lunchie.app; sourceTree = BUILT_PRODUCTS_DIR; };
		8E367E34183DBEEA001792E1 /* Foundation.framework */ = {isa = PBXFileReference; lastKnownFileType = wrapper.framework; name = Foundation.framework; path = System/Library/Frameworks/Foundation.framework; sourceTree = SDKROOT; };
		8E367E36183DBEEA001792E1 /* CoreGraphics.framework */ = {isa = PBXFileReference; lastKnownFileType = wrapper.framework; name = CoreGraphics.framework; path = System/Library/Frameworks/CoreGraphics.framework; sourceTree = SDKROOT; };
		8E367E38183DBEEA001792E1 /* UIKit.framework */ = {isa = PBXFileReference; lastKnownFileType = wrapper.framework; name = UIKit.framework; path = System/Library/Frameworks/UIKit.framework; sourceTree = SDKROOT; };
		8E367E3C183DBEEA001792E1 /* Lunchie-Info.plist */ = {isa = PBXFileReference; lastKnownFileType = text.plist.xml; path = "Lunchie-Info.plist"; sourceTree = "<group>"; };
		8E367E3E183DBEEA001792E1 /* en */ = {isa = PBXFileReference; lastKnownFileType = text.plist.strings; name = en; path = en.lproj/InfoPlist.strings; sourceTree = "<group>"; };
		8E367E40183DBEEA001792E1 /* main.m */ = {isa = PBXFileReference; lastKnownFileType = sourcecode.c.objc; path = main.m; sourceTree = "<group>"; };
		8E367E42183DBEEA001792E1 /* Lunchie-Prefix.pch */ = {isa = PBXFileReference; lastKnownFileType = sourcecode.c.h; path = "Lunchie-Prefix.pch"; sourceTree = "<group>"; };
		8E367E47183DBEEA001792E1 /* Base */ = {isa = PBXFileReference; lastKnownFileType = file.storyboard; name = Base; path = Base.lproj/Main.storyboard; sourceTree = "<group>"; };
		8E367E4C183DBEEA001792E1 /* Images.xcassets */ = {isa = PBXFileReference; lastKnownFileType = folder.assetcatalog; path = Images.xcassets; sourceTree = "<group>"; };
		8E367E52183DBEEB001792E1 /* LunchieTests.xctest */ = {isa = PBXFileReference; explicitFileType = wrapper.cfbundle; includeInIndex = 0; path = LunchieTests.xctest; sourceTree = BUILT_PRODUCTS_DIR; };
		8E367E53183DBEEB001792E1 /* XCTest.framework */ = {isa = PBXFileReference; lastKnownFileType = wrapper.framework; name = XCTest.framework; path = Library/Frameworks/XCTest.framework; sourceTree = DEVELOPER_DIR; };
		8E367E5B183DBEEB001792E1 /* LunchieTests-Info.plist */ = {isa = PBXFileReference; lastKnownFileType = text.plist.xml; path = "LunchieTests-Info.plist"; sourceTree = "<group>"; };
		8E367E5D183DBEEB001792E1 /* en */ = {isa = PBXFileReference; lastKnownFileType = text.plist.strings; name = en; path = en.lproj/InfoPlist.strings; sourceTree = "<group>"; };
		8E367E5F183DBEEB001792E1 /* LunchieTests.m */ = {isa = PBXFileReference; lastKnownFileType = sourcecode.c.objc; path = LunchieTests.m; sourceTree = "<group>"; };
		8E367E7A183DCB23001792E1 /* LCHAppDelegate.h */ = {isa = PBXFileReference; fileEncoding = 4; lastKnownFileType = sourcecode.c.h; name = LCHAppDelegate.h; path = classes/delegates/LCHAppDelegate.h; sourceTree = "<group>"; };
		8E367E7B183DCB23001792E1 /* LCHAppDelegate.m */ = {isa = PBXFileReference; fileEncoding = 4; lastKnownFileType = sourcecode.c.objc; name = LCHAppDelegate.m; path = classes/delegates/LCHAppDelegate.m; sourceTree = "<group>"; };
		8E367E82183DCF07001792E1 /* Security.framework */ = {isa = PBXFileReference; lastKnownFileType = wrapper.framework; name = Security.framework; path = System/Library/Frameworks/Security.framework; sourceTree = SDKROOT; };
		8E37E4D518415D9C0074AFB4 /* intro_bkgrnd_1.png */ = {isa = PBXFileReference; lastKnownFileType = image.png; name = intro_bkgrnd_1.png; path = assets/images/intro/intro_bkgrnd_1.png; sourceTree = "<group>"; };
		8E37E4D818415FCE0074AFB4 /* LCHFontHelper.h */ = {isa = PBXFileReference; fileEncoding = 4; lastKnownFileType = sourcecode.c.h; name = LCHFontHelper.h; path = classes/helpers/LCHFontHelper.h; sourceTree = "<group>"; };
		8E37E4D918415FCE0074AFB4 /* LCHFontHelper.m */ = {isa = PBXFileReference; fileEncoding = 4; lastKnownFileType = sourcecode.c.objc; name = LCHFontHelper.m; path = classes/helpers/LCHFontHelper.m; sourceTree = "<group>"; };
		8E37E4DC1841616A0074AFB4 /* Sullivan-Bevel.otf */ = {isa = PBXFileReference; lastKnownFileType = file; name = "Sullivan-Bevel.otf"; path = "assets/fonts/Sullivan-Bevel.otf"; sourceTree = "<group>"; };
		8E37E4DD1841616A0074AFB4 /* Sullivan-Regular.otf */ = {isa = PBXFileReference; lastKnownFileType = file; name = "Sullivan-Regular.otf"; path = "assets/fonts/Sullivan-Regular.otf"; sourceTree = "<group>"; };
		8E37E4DE1841616A0074AFB4 /* Sullivan-Fill.otf */ = {isa = PBXFileReference; lastKnownFileType = file; name = "Sullivan-Fill.otf"; path = "assets/fonts/Sullivan-Fill.otf"; sourceTree = "<group>"; };
		8E37E4E2184161F80074AFB4 /* LCHColorHelper.h */ = {isa = PBXFileReference; fileEncoding = 4; lastKnownFileType = sourcecode.c.h; name = LCHColorHelper.h; path = classes/helpers/LCHColorHelper.h; sourceTree = "<group>"; };
		8E37E4E3184161F80074AFB4 /* LCHColorHelper.m */ = {isa = PBXFileReference; fileEncoding = 4; lastKnownFileType = sourcecode.c.objc; name = LCHColorHelper.m; path = classes/helpers/LCHColorHelper.m; sourceTree = "<group>"; };
		8E37E4E5184166AE0074AFB4 /* LCHIntroView.h */ = {isa = PBXFileReference; fileEncoding = 4; lastKnownFileType = sourcecode.c.h; name = LCHIntroView.h; path = classes/views/LCHIntroView.h; sourceTree = "<group>"; };
		8E37E4E6184166AE0074AFB4 /* LCHIntroView.m */ = {isa = PBXFileReference; fileEncoding = 4; lastKnownFileType = sourcecode.c.objc; name = LCHIntroView.m; path = classes/views/LCHIntroView.m; sourceTree = "<group>"; };
		8E37E4E818416D8D0074AFB4 /* intro_bkgrnd_2.png */ = {isa = PBXFileReference; lastKnownFileType = image.png; name = intro_bkgrnd_2.png; path = assets/images/intro/intro_bkgrnd_2.png; sourceTree = "<group>"; };
		8E37E4ED18416FE00074AFB4 /* LCHSignupPanelView.h */ = {isa = PBXFileReference; fileEncoding = 4; lastKnownFileType = sourcecode.c.h; name = LCHSignupPanelView.h; path = classes/views/LCHSignupPanelView.h; sourceTree = "<group>"; };
		8E37E4EE18416FE00074AFB4 /* LCHSignupPanelView.m */ = {isa = PBXFileReference; fileEncoding = 4; lastKnownFileType = sourcecode.c.objc; name = LCHSignupPanelView.m; path = classes/views/LCHSignupPanelView.m; sourceTree = "<group>"; };
		8E37E4F118417C8D0074AFB4 /* LCHSocialMediaButton.h */ = {isa = PBXFileReference; fileEncoding = 4; lastKnownFileType = sourcecode.c.h; name = LCHSocialMediaButton.h; path = classes/views/button/LCHSocialMediaButton.h; sourceTree = "<group>"; };
		8E37E4F218417C8D0074AFB4 /* LCHSocialMediaButton.m */ = {isa = PBXFileReference; fileEncoding = 4; lastKnownFileType = sourcecode.c.objc; name = LCHSocialMediaButton.m; path = classes/views/button/LCHSocialMediaButton.m; sourceTree = "<group>"; };
		8E37E4F4184245340074AFB4 /* LCHVenuesViewController.h */ = {isa = PBXFileReference; fileEncoding = 4; lastKnownFileType = sourcecode.c.h; name = LCHVenuesViewController.h; path = classes/controllers/LCHVenuesViewController.h; sourceTree = "<group>"; };
		8E37E4F5184245340074AFB4 /* LCHVenuesViewController.m */ = {isa = PBXFileReference; fileEncoding = 4; lastKnownFileType = sourcecode.c.objc; name = LCHVenuesViewController.m; path = classes/controllers/LCHVenuesViewController.m; sourceTree = "<group>"; };
		8E37E4F7184251470074AFB4 /* LCHVenuePanel.h */ = {isa = PBXFileReference; fileEncoding = 4; lastKnownFileType = sourcecode.c.h; name = LCHVenuePanel.h; path = classes/views/LCHVenuePanel.h; sourceTree = "<group>"; };
		8E37E4F8184251470074AFB4 /* LCHVenuePanel.m */ = {isa = PBXFileReference; fileEncoding = 4; lastKnownFileType = sourcecode.c.objc; name = LCHVenuePanel.m; path = classes/views/LCHVenuePanel.m; sourceTree = "<group>"; };
		8E37E4FB184258FC0074AFB4 /* sauce@2x.png */ = {isa = PBXFileReference; lastKnownFileType = image.png; name = "sauce@2x.png"; path = "assets/images/placeholders/sauce@2x.png"; sourceTree = "<group>"; };
		8E37E4FE184262520074AFB4 /* heart@2x.png */ = {isa = PBXFileReference; lastKnownFileType = image.png; name = "heart@2x.png"; path = "assets/images/icons/heart@2x.png"; sourceTree = "<group>"; };
		8E37E50418428B110074AFB4 /* thumbsDownIconNormal@2x.png */ = {isa = PBXFileReference; lastKnownFileType = image.png; name = "thumbsDownIconNormal@2x.png"; path = "assets/images/icons/thumbsDownIconNormal@2x.png"; sourceTree = "<group>"; };
		8E37E50518428B110074AFB4 /* thumbsDownIconSelected@2x.png */ = {isa = PBXFileReference; lastKnownFileType = image.png; name = "thumbsDownIconSelected@2x.png"; path = "assets/images/icons/thumbsDownIconSelected@2x.png"; sourceTree = "<group>"; };
		8E37E5081842AAE60074AFB4 /* backButton@2x.png */ = {isa = PBXFileReference; lastKnownFileType = image.png; name = "backButton@2x.png"; path = "assets/images/icons/backButton@2x.png"; sourceTree = "<group>"; };
		8E6252A0183EB56D00244D54 /* LCHMenu.h */ = {isa = PBXFileReference; fileEncoding = 4; lastKnownFileType = sourcecode.c.h; name = LCHMenu.h; path = classes/model/LCHMenu.h; sourceTree = "<group>"; };
		8E6252A1183EB56D00244D54 /* LCHMenu.m */ = {isa = PBXFileReference; fileEncoding = 4; lastKnownFileType = sourcecode.c.objc; name = LCHMenu.m; path = classes/model/LCHMenu.m; sourceTree = "<group>"; };
		8E6252A4183EB58A00244D54 /* LCHMenuEntry.h */ = {isa = PBXFileReference; fileEncoding = 4; lastKnownFileType = sourcecode.c.h; name = LCHMenuEntry.h; path = classes/model/LCHMenuEntry.h; sourceTree = "<group>"; };
		8E6252A5183EB58A00244D54 /* LCHMenuEntry.m */ = {isa = PBXFileReference; fileEncoding = 4; lastKnownFileType = sourcecode.c.objc; name = LCHMenuEntry.m; path = classes/model/LCHMenuEntry.m; sourceTree = "<group>"; };
		8E6252A8183EB68400244D54 /* LCHMenuSection.h */ = {isa = PBXFileReference; fileEncoding = 4; lastKnownFileType = sourcecode.c.h; name = LCHMenuSection.h; path = classes/model/LCHMenuSection.h; sourceTree = "<group>"; };
		8E6252A9183EB68400244D54 /* LCHMenuSection.m */ = {isa = PBXFileReference; fileEncoding = 4; lastKnownFileType = sourcecode.c.objc; name = LCHMenuSection.m; path = classes/model/LCHMenuSection.m; sourceTree = "<group>"; };
		8E6252AC183EB7DA00244D54 /* LCHFoursquareVenueMenuBuilder.h */ = {isa = PBXFileReference; fileEncoding = 4; lastKnownFileType = sourcecode.c.h; name = LCHFoursquareVenueMenuBuilder.h; path = classes/builders/LCHFoursquareVenueMenuBuilder.h; sourceTree = "<group>"; };
		8E6252AD183EB7DA00244D54 /* LCHFoursquareVenueMenuBuilder.m */ = {isa = PBXFileReference; fileEncoding = 4; lastKnownFileType = sourcecode.c.objc; name = LCHFoursquareVenueMenuBuilder.m; path = classes/builders/LCHFoursquareVenueMenuBuilder.m; sourceTree = "<group>"; };
		8E6252B0183EC11E00244D54 /* LCHMenuTableViewController.h */ = {isa = PBXFileReference; fileEncoding = 4; lastKnownFileType = sourcecode.c.h; name = LCHMenuTableViewController.h; path = classes/controllers/LCHMenuTableViewController.h; sourceTree = "<group>"; };
		8E6252B1183EC11E00244D54 /* LCHMenuTableViewController.m */ = {isa = PBXFileReference; fileEncoding = 4; lastKnownFileType = sourcecode.c.objc; name = LCHMenuTableViewController.m; path = classes/controllers/LCHMenuTableViewController.m; sourceTree = "<group>"; };
		8E6252B4183F02A400244D54 /* LCHReviewViewController.h */ = {isa = PBXFileReference; fileEncoding = 4; lastKnownFileType = sourcecode.c.h; name = LCHReviewViewController.h; path = classes/controllers/LCHReviewViewController.h; sourceTree = "<group>"; };
		8E6252B5183F02A400244D54 /* LCHReviewViewController.m */ = {isa = PBXFileReference; fileEncoding = 4; lastKnownFileType = sourcecode.c.objc; name = LCHReviewViewController.m; path = classes/controllers/LCHReviewViewController.m; sourceTree = "<group>"; };
		8E6252B9183F06F200244D54 /* HPGrowingTextView.h */ = {isa = PBXFileReference; fileEncoding = 4; lastKnownFileType = sourcecode.c.h; name = HPGrowingTextView.h; path = classes/views/HPGrowingTextView/HPGrowingTextView.h; sourceTree = "<group>"; };
		8E6252BA183F06F200244D54 /* HPGrowingTextView.m */ = {isa = PBXFileReference; fileEncoding = 4; lastKnownFileType = sourcecode.c.objc; name = HPGrowingTextView.m; path = classes/views/HPGrowingTextView/HPGrowingTextView.m; sourceTree = "<group>"; };
		8E6252BB183F06F200244D54 /* HPTextViewInternal.h */ = {isa = PBXFileReference; fileEncoding = 4; lastKnownFileType = sourcecode.c.h; name = HPTextViewInternal.h; path = classes/views/HPGrowingTextView/HPTextViewInternal.h; sourceTree = "<group>"; };
		8E6252BC183F06F200244D54 /* HPTextViewInternal.m */ = {isa = PBXFileReference; fileEncoding = 4; lastKnownFileType = sourcecode.c.objc; name = HPTextViewInternal.m; path = classes/views/HPGrowingTextView/HPTextViewInternal.m; sourceTree = "<group>"; };
		8E6252C4183F198400244D54 /* LCHStoredVenueData.h */ = {isa = PBXFileReference; fileEncoding = 4; lastKnownFileType = sourcecode.c.h; name = LCHStoredVenueData.h; path = classes/model/file/LCHStoredVenueData.h; sourceTree = "<group>"; };
		8E6252C5183F198400244D54 /* LCHStoredVenueData.m */ = {isa = PBXFileReference; fileEncoding = 4; lastKnownFileType = sourcecode.c.objc; name = LCHStoredVenueData.m; path = classes/model/file/LCHStoredVenueData.m; sourceTree = "<group>"; };
		8E6252C8183FAF4400244D54 /* LCHStoredVenueDatabase.h */ = {isa = PBXFileReference; fileEncoding = 4; lastKnownFileType = sourcecode.c.h; name = LCHStoredVenueDatabase.h; path = classes/model/file/LCHStoredVenueDatabase.h; sourceTree = "<group>"; };
		8E6252C9183FAF4400244D54 /* LCHStoredVenueDatabase.m */ = {isa = PBXFileReference; fileEncoding = 4; lastKnownFileType = sourcecode.c.objc; name = LCHStoredVenueDatabase.m; path = classes/model/file/LCHStoredVenueDatabase.m; sourceTree = "<group>"; };
		8E6252CC183FB19A00244D54 /* LCHStoredVenue.h */ = {isa = PBXFileReference; fileEncoding = 4; lastKnownFileType = sourcecode.c.h; name = LCHStoredVenue.h; path = classes/model/file/LCHStoredVenue.h; sourceTree = "<group>"; };
		8E6252CD183FB19A00244D54 /* LCHStoredVenue.m */ = {isa = PBXFileReference; fileEncoding = 4; lastKnownFileType = sourcecode.c.objc; name = LCHStoredVenue.m; path = classes/model/file/LCHStoredVenue.m; sourceTree = "<group>"; };
		8E6252D0183FE83900244D54 /* Twitter.framework */ = {isa = PBXFileReference; lastKnownFileType = wrapper.framework; name = Twitter.framework; path = System/Library/Frameworks/Twitter.framework; sourceTree = SDKROOT; };
		8E6252D2183FFD2400244D54 /* LCHTwitterService.h */ = {isa = PBXFileReference; fileEncoding = 4; lastKnownFileType = sourcecode.c.h; name = LCHTwitterService.h; path = classes/services/LCHTwitterService.h; sourceTree = "<group>"; };
		8E6252D3183FFD2400244D54 /* LCHTwitterService.m */ = {isa = PBXFileReference; fileEncoding = 4; lastKnownFileType = sourcecode.c.objc; name = LCHTwitterService.m; path = classes/services/LCHTwitterService.m; sourceTree = "<group>"; };
		8E6252D61840008B00244D54 /* Social.framework */ = {isa = PBXFileReference; lastKnownFileType = wrapper.framework; name = Social.framework; path = System/Library/Frameworks/Social.framework; sourceTree = SDKROOT; };
		8E6252D81840085800244D54 /* LCHFacebookService.h */ = {isa = PBXFileReference; fileEncoding = 4; lastKnownFileType = sourcecode.c.h; name = LCHFacebookService.h; path = classes/services/LCHFacebookService.h; sourceTree = "<group>"; };
		8E6252D91840085800244D54 /* LCHFacebookService.m */ = {isa = PBXFileReference; fileEncoding = 4; lastKnownFileType = sourcecode.c.objc; name = LCHFacebookService.m; path = classes/services/LCHFacebookService.m; sourceTree = "<group>"; };
		8E6252DC184060F900244D54 /* LCHIntroViewController.h */ = {isa = PBXFileReference; fileEncoding = 4; lastKnownFileType = sourcecode.c.h; name = LCHIntroViewController.h; path = classes/controllers/LCHIntroViewController.h; sourceTree = "<group>"; };
		8E6252DD184060F900244D54 /* LCHIntroViewController.m */ = {isa = PBXFileReference; fileEncoding = 4; lastKnownFileType = sourcecode.c.objc; name = LCHIntroViewController.m; path = classes/controllers/LCHIntroViewController.m; sourceTree = "<group>"; };
		8E6252E418406AA200244D54 /* LCHSocialManager.h */ = {isa = PBXFileReference; fileEncoding = 4; lastKnownFileType = sourcecode.c.h; name = LCHSocialManager.h; path = classes/management/LCHSocialManager.h; sourceTree = "<group>"; };
		8E6252E518406AA200244D54 /* LCHSocialManager.m */ = {isa = PBXFileReference; fileEncoding = 4; lastKnownFileType = sourcecode.c.objc; name = LCHSocialManager.m; path = classes/management/LCHSocialManager.m; sourceTree = "<group>"; };
		8E8BF21B1840F1810058262C /* LCHFakeTeam.h */ = {isa = PBXFileReference; fileEncoding = 4; lastKnownFileType = sourcecode.c.h; name = LCHFakeTeam.h; path = classes/model/fakes/LCHFakeTeam.h; sourceTree = "<group>"; };
		8E8BF21C1840F1810058262C /* LCHFakeTeam.m */ = {isa = PBXFileReference; fileEncoding = 4; lastKnownFileType = sourcecode.c.objc; name = LCHFakeTeam.m; path = classes/model/fakes/LCHFakeTeam.m; sourceTree = "<group>"; };
		8EABBF3A183E679A00A3D705 /* LCHFoursquareService.h */ = {isa = PBXFileReference; fileEncoding = 4; lastKnownFileType = sourcecode.c.h; name = LCHFoursquareService.h; path = classes/services/LCHFoursquareService.h; sourceTree = "<group>"; };
		8EABBF3B183E679A00A3D705 /* LCHFoursquareService.m */ = {isa = PBXFileReference; fileEncoding = 4; lastKnownFileType = sourcecode.c.objc; name = LCHFoursquareService.m; path = classes/services/LCHFoursquareService.m; sourceTree = "<group>"; };
		8EABBF3E183E67BA00A3D705 /* CoreLocation.framework */ = {isa = PBXFileReference; lastKnownFileType = wrapper.framework; name = CoreLocation.framework; path = System/Library/Frameworks/CoreLocation.framework; sourceTree = SDKROOT; };
		8EABBF41183E689A00A3D705 /* LCHFoursquareServiceTests.m */ = {isa = PBXFileReference; fileEncoding = 4; lastKnownFileType = sourcecode.c.objc; name = LCHFoursquareServiceTests.m; path = services/LCHFoursquareServiceTests.m; sourceTree = "<group>"; };
		8EABBF44183E805100A3D705 /* LCHFoursquareVenueBuilder.h */ = {isa = PBXFileReference; fileEncoding = 4; lastKnownFileType = sourcecode.c.h; name = LCHFoursquareVenueBuilder.h; path = classes/builders/LCHFoursquareVenueBuilder.h; sourceTree = "<group>"; };
		8EABBF45183E805100A3D705 /* LCHFoursquareVenueBuilder.m */ = {isa = PBXFileReference; fileEncoding = 4; lastKnownFileType = sourcecode.c.objc; name = LCHFoursquareVenueBuilder.m; path = classes/builders/LCHFoursquareVenueBuilder.m; sourceTree = "<group>"; };
		8EABBF49183E808900A3D705 /* LCHFoursquareVenue.h */ = {isa = PBXFileReference; fileEncoding = 4; lastKnownFileType = sourcecode.c.h; name = LCHFoursquareVenue.h; path = classes/model/LCHFoursquareVenue.h; sourceTree = "<group>"; };
		8EABBF4A183E808900A3D705 /* LCHFoursquareVenue.m */ = {isa = PBXFileReference; fileEncoding = 4; lastKnownFileType = sourcecode.c.objc; name = LCHFoursquareVenue.m; path = classes/model/LCHFoursquareVenue.m; sourceTree = "<group>"; };
		8EABBF4E183E84D500A3D705 /* LCHNetworkManager.h */ = {isa = PBXFileReference; fileEncoding = 4; lastKnownFileType = sourcecode.c.h; name = LCHNetworkManager.h; path = classes/management/LCHNetworkManager.h; sourceTree = "<group>"; };
		8EABBF4F183E84D500A3D705 /* LCHNetworkManager.m */ = {isa = PBXFileReference; fileEncoding = 4; lastKnownFileType = sourcecode.c.objc; name = LCHNetworkManager.m; path = classes/management/LCHNetworkManager.m; sourceTree = "<group>"; };
		8EABBF52183E967800A3D705 /* LCHModel.h */ = {isa = PBXFileReference; fileEncoding = 4; lastKnownFileType = sourcecode.c.h; name = LCHModel.h; path = classes/model/LCHModel.h; sourceTree = "<group>"; };
		8EABBF53183E967800A3D705 /* LCHModel.m */ = {isa = PBXFileReference; fileEncoding = 4; lastKnownFileType = sourcecode.c.objc; name = LCHModel.m; path = classes/model/LCHModel.m; sourceTree = "<group>"; };
		8ED72D8218438E1C00BC4BE0 /* pasta@2x.png */ = {isa = PBXFileReference; lastKnownFileType = image.png; name = "pasta@2x.png"; path = "assets/images/placeholders/pasta@2x.png"; sourceTree = "<group>"; };
		8ED72D8318438E1C00BC4BE0 /* salad@2x.png */ = {isa = PBXFileReference; lastKnownFileType = image.png; name = "salad@2x.png"; path = "assets/images/placeholders/salad@2x.png"; sourceTree = "<group>"; };
		8ED72D86184395BD00BC4BE0 /* intro_bkgrnd_pasta.png */ = {isa = PBXFileReference; lastKnownFileType = image.png; name = intro_bkgrnd_pasta.png; path = assets/images/intro/intro_bkgrnd_pasta.png; sourceTree = "<group>"; };
		8ED72D87184395BD00BC4BE0 /* intro_bkgrnd_salad.png */ = {isa = PBXFileReference; lastKnownFileType = image.png; name = intro_bkgrnd_salad.png; path = assets/images/intro/intro_bkgrnd_salad.png; sourceTree = "<group>"; };
		8ED72D8A18439EDC00BC4BE0 /* checkmarkIcon@2x.png */ = {isa = PBXFileReference; lastKnownFileType = image.png; name = "checkmarkIcon@2x.png"; path = "assets/images/icons/checkmarkIcon@2x.png"; sourceTree = "<group>"; };
		D3778D5A5C9147229B596A65 /* libPods-LunchieTests.a */ = {isa = PBXFileReference; explicitFileType = archive.ar; includeInIndex = 0; path = "libPods-LunchieTests.a"; sourceTree = BUILT_PRODUCTS_DIR; };
/* End PBXFileReference section */

/* Begin PBXFrameworksBuildPhase section */
		8E367E2E183DBEEA001792E1 /* Frameworks */ = {
			isa = PBXFrameworksBuildPhase;
			buildActionMask = 2147483647;
			files = (
				8E6252D71840008B00244D54 /* Social.framework in Frameworks */,
				8EABBF3F183E67BA00A3D705 /* CoreLocation.framework in Frameworks */,
				8E367E83183DCF07001792E1 /* Security.framework in Frameworks */,
				8E367E37183DBEEA001792E1 /* CoreGraphics.framework in Frameworks */,
				8E367E39183DBEEA001792E1 /* UIKit.framework in Frameworks */,
				8E367E35183DBEEA001792E1 /* Foundation.framework in Frameworks */,
				62CB2723180340F5A95C8372 /* libPods-Lunchie.a in Frameworks */,
			);
			runOnlyForDeploymentPostprocessing = 0;
		};
		8E367E4F183DBEEB001792E1 /* Frameworks */ = {
			isa = PBXFrameworksBuildPhase;
			buildActionMask = 2147483647;
			files = (
				8E367E54183DBEEB001792E1 /* XCTest.framework in Frameworks */,
				8E367E56183DBEEB001792E1 /* UIKit.framework in Frameworks */,
				8E367E55183DBEEB001792E1 /* Foundation.framework in Frameworks */,
				A679EF86CF394708A95E38EE /* libPods-LunchieTests.a in Frameworks */,
			);
			runOnlyForDeploymentPostprocessing = 0;
		};
/* End PBXFrameworksBuildPhase section */

/* Begin PBXGroup section */
		8E367E28183DBEEA001792E1 = {
			isa = PBXGroup;
			children = (
				8E367E3A183DBEEA001792E1 /* Lunchie */,
				8E367E59183DBEEB001792E1 /* LunchieTests */,
				8E367E33183DBEEA001792E1 /* Frameworks */,
				8E367E32183DBEEA001792E1 /* Products */,
				1B8FAB723A4B4C9A92239D04 /* Pods-Lunchie.xcconfig */,
				384B1BD7E3B343E6AEF9AFD1 /* Pods-LunchieTests.xcconfig */,
			);
			sourceTree = "<group>";
		};
		8E367E32183DBEEA001792E1 /* Products */ = {
			isa = PBXGroup;
			children = (
				8E367E31183DBEEA001792E1 /* Lunchie.app */,
				8E367E52183DBEEB001792E1 /* LunchieTests.xctest */,
			);
			name = Products;
			sourceTree = "<group>";
		};
		8E367E33183DBEEA001792E1 /* Frameworks */ = {
			isa = PBXGroup;
			children = (
				8E6252D61840008B00244D54 /* Social.framework */,
				8E6252D0183FE83900244D54 /* Twitter.framework */,
				8EABBF3E183E67BA00A3D705 /* CoreLocation.framework */,
				8E367E82183DCF07001792E1 /* Security.framework */,
				8E367E34183DBEEA001792E1 /* Foundation.framework */,
				8E367E36183DBEEA001792E1 /* CoreGraphics.framework */,
				8E367E38183DBEEA001792E1 /* UIKit.framework */,
				8E367E53183DBEEB001792E1 /* XCTest.framework */,
				707FF70617884127BEEE532D /* libPods-Lunchie.a */,
				D3778D5A5C9147229B596A65 /* libPods-LunchieTests.a */,
			);
			name = Frameworks;
			sourceTree = "<group>";
		};
		8E367E3A183DBEEA001792E1 /* Lunchie */ = {
			isa = PBXGroup;
			children = (
				8E37E4D218415D780074AFB4 /* assets */,
				8E367E77183DCAF8001792E1 /* classes */,
				8E6252B8183F06E100244D54 /* views */,
				8E367E46183DBEEA001792E1 /* Main.storyboard */,
				8E367E4C183DBEEA001792E1 /* Images.xcassets */,
				8E367E3B183DBEEA001792E1 /* Supporting Files */,
			);
			path = Lunchie;
			sourceTree = "<group>";
		};
		8E367E3B183DBEEA001792E1 /* Supporting Files */ = {
			isa = PBXGroup;
			children = (
				8E367E3C183DBEEA001792E1 /* Lunchie-Info.plist */,
				8E367E3D183DBEEA001792E1 /* InfoPlist.strings */,
				8E367E40183DBEEA001792E1 /* main.m */,
				8E367E42183DBEEA001792E1 /* Lunchie-Prefix.pch */,
			);
			name = "Supporting Files";
			sourceTree = "<group>";
		};
		8E367E59183DBEEB001792E1 /* LunchieTests */ = {
			isa = PBXGroup;
			children = (
				8EABBF40183E687B00A3D705 /* services */,
				8E367E5F183DBEEB001792E1 /* LunchieTests.m */,
				8E367E5A183DBEEB001792E1 /* Supporting Files */,
			);
			path = LunchieTests;
			sourceTree = "<group>";
		};
		8E367E5A183DBEEB001792E1 /* Supporting Files */ = {
			isa = PBXGroup;
			children = (
				8E367E5B183DBEEB001792E1 /* LunchieTests-Info.plist */,
				8E367E5C183DBEEB001792E1 /* InfoPlist.strings */,
			);
			name = "Supporting Files";
			sourceTree = "<group>";
		};
		8E367E77183DCAF8001792E1 /* classes */ = {
			isa = PBXGroup;
			children = (
				8EABBF43183E802200A3D705 /* builders */,
				8E367E78183DCAFF001792E1 /* controllers */,
				8E367E79183DCB07001792E1 /* delegates */,
				8E37E4D718415FAF0074AFB4 /* helpers */,
				8EABBF4D183E847C00A3D705 /* management */,
				8EABBF48183E805900A3D705 /* model */,
				8EABBF39183E674E00A3D705 /* services */,
			);
			name = classes;
			sourceTree = "<group>";
		};
		8E367E78183DCAFF001792E1 /* controllers */ = {
			isa = PBXGroup;
			children = (
				8E6252DC184060F900244D54 /* LCHIntroViewController.h */,
				8E6252DD184060F900244D54 /* LCHIntroViewController.m */,
				8E6252B0183EC11E00244D54 /* LCHMenuTableViewController.h */,
				8E6252B1183EC11E00244D54 /* LCHMenuTableViewController.m */,
				8E6252B4183F02A400244D54 /* LCHReviewViewController.h */,
				8E6252B5183F02A400244D54 /* LCHReviewViewController.m */,
				8E37E4F4184245340074AFB4 /* LCHVenuesViewController.h */,
				8E37E4F5184245340074AFB4 /* LCHVenuesViewController.m */,
			);
			name = controllers;
			sourceTree = "<group>";
		};
		8E367E79183DCB07001792E1 /* delegates */ = {
			isa = PBXGroup;
			children = (
				8E367E7A183DCB23001792E1 /* LCHAppDelegate.h */,
				8E367E7B183DCB23001792E1 /* LCHAppDelegate.m */,
			);
			name = delegates;
			sourceTree = "<group>";
		};
		8E37E4D218415D780074AFB4 /* assets */ = {
			isa = PBXGroup;
			children = (
				8E37E4DB184161230074AFB4 /* fonts */,
				8E37E4D318415D8A0074AFB4 /* images */,
			);
			name = assets;
			sourceTree = "<group>";
		};
		8E37E4D318415D8A0074AFB4 /* images */ = {
			isa = PBXGroup;
			children = (
				8E37E4FD1842623C0074AFB4 /* icons */,
				8E37E4D418415D8F0074AFB4 /* intro */,
				8E37E4FA184258EE0074AFB4 /* placeholders */,
			);
			name = images;
			sourceTree = "<group>";
		};
		8E37E4D418415D8F0074AFB4 /* intro */ = {
			isa = PBXGroup;
			children = (
				8E37E4D518415D9C0074AFB4 /* intro_bkgrnd_1.png */,
				8E37E4E818416D8D0074AFB4 /* intro_bkgrnd_2.png */,
				8ED72D86184395BD00BC4BE0 /* intro_bkgrnd_pasta.png */,
				8ED72D87184395BD00BC4BE0 /* intro_bkgrnd_salad.png */,
			);
			name = intro;
			sourceTree = "<group>";
		};
		8E37E4D718415FAF0074AFB4 /* helpers */ = {
			isa = PBXGroup;
			children = (
				8E37E4E2184161F80074AFB4 /* LCHColorHelper.h */,
				8E37E4E3184161F80074AFB4 /* LCHColorHelper.m */,
				8E37E4D818415FCE0074AFB4 /* LCHFontHelper.h */,
				8E37E4D918415FCE0074AFB4 /* LCHFontHelper.m */,
			);
			name = helpers;
			sourceTree = "<group>";
		};
		8E37E4DB184161230074AFB4 /* fonts */ = {
			isa = PBXGroup;
			children = (
				8E37E4DC1841616A0074AFB4 /* Sullivan-Bevel.otf */,
				8E37E4DD1841616A0074AFB4 /* Sullivan-Regular.otf */,
				8E37E4DE1841616A0074AFB4 /* Sullivan-Fill.otf */,
			);
			name = fonts;
			sourceTree = "<group>";
		};
		8E37E4F018417C110074AFB4 /* button */ = {
			isa = PBXGroup;
			children = (
				8E37E4F118417C8D0074AFB4 /* LCHSocialMediaButton.h */,
				8E37E4F218417C8D0074AFB4 /* LCHSocialMediaButton.m */,
			);
			name = button;
			sourceTree = "<group>";
		};
		8E37E4FA184258EE0074AFB4 /* placeholders */ = {
			isa = PBXGroup;
			children = (
				8ED72D8218438E1C00BC4BE0 /* pasta@2x.png */,
				8ED72D8318438E1C00BC4BE0 /* salad@2x.png */,
				8E37E4FB184258FC0074AFB4 /* sauce@2x.png */,
			);
			name = placeholders;
			sourceTree = "<group>";
		};
		8E37E4FD1842623C0074AFB4 /* icons */ = {
			isa = PBXGroup;
			children = (
				8E37E5081842AAE60074AFB4 /* backButton@2x.png */,
				8ED72D8A18439EDC00BC4BE0 /* checkmarkIcon@2x.png */,
				8E37E4FE184262520074AFB4 /* heart@2x.png */,
				8E37E50418428B110074AFB4 /* thumbsDownIconNormal@2x.png */,
				8E37E50518428B110074AFB4 /* thumbsDownIconSelected@2x.png */,
			);
			name = icons;
			sourceTree = "<group>";
		};
		8E6252B8183F06E100244D54 /* views */ = {
			isa = PBXGroup;
			children = (
				8E37E4F018417C110074AFB4 /* button */,
				8E6252C1183F06F600244D54 /* HPGrowingTextView */,
				8E37E4E5184166AE0074AFB4 /* LCHIntroView.h */,
				8E37E4E6184166AE0074AFB4 /* LCHIntroView.m */,
				8E37E4ED18416FE00074AFB4 /* LCHSignupPanelView.h */,
				8E37E4EE18416FE00074AFB4 /* LCHSignupPanelView.m */,
				8E37E4F7184251470074AFB4 /* LCHVenuePanel.h */,
				8E37E4F8184251470074AFB4 /* LCHVenuePanel.m */,
			);
			name = views;
			sourceTree = "<group>";
		};
		8E6252C1183F06F600244D54 /* HPGrowingTextView */ = {
			isa = PBXGroup;
			children = (
				8E6252B9183F06F200244D54 /* HPGrowingTextView.h */,
				8E6252BA183F06F200244D54 /* HPGrowingTextView.m */,
				8E6252BB183F06F200244D54 /* HPTextViewInternal.h */,
				8E6252BC183F06F200244D54 /* HPTextViewInternal.m */,
			);
			name = HPGrowingTextView;
			sourceTree = "<group>";
		};
		8E6252C3183F194400244D54 /* file */ = {
			isa = PBXGroup;
			children = (
				8E6252CC183FB19A00244D54 /* LCHStoredVenue.h */,
				8E6252CD183FB19A00244D54 /* LCHStoredVenue.m */,
				8E6252C4183F198400244D54 /* LCHStoredVenueData.h */,
				8E6252C5183F198400244D54 /* LCHStoredVenueData.m */,
				8E6252C8183FAF4400244D54 /* LCHStoredVenueDatabase.h */,
				8E6252C9183FAF4400244D54 /* LCHStoredVenueDatabase.m */,
			);
			name = file;
			sourceTree = "<group>";
		};
		8E8BF21A1840F1130058262C /* fakes */ = {
			isa = PBXGroup;
			children = (
				8E8BF21B1840F1810058262C /* LCHFakeTeam.h */,
				8E8BF21C1840F1810058262C /* LCHFakeTeam.m */,
			);
			name = fakes;
			sourceTree = "<group>";
		};
		8EABBF39183E674E00A3D705 /* services */ = {
			isa = PBXGroup;
			children = (
				8E6252D81840085800244D54 /* LCHFacebookService.h */,
				8E6252D91840085800244D54 /* LCHFacebookService.m */,
				8EABBF3A183E679A00A3D705 /* LCHFoursquareService.h */,
				8EABBF3B183E679A00A3D705 /* LCHFoursquareService.m */,
				8E6252D2183FFD2400244D54 /* LCHTwitterService.h */,
				8E6252D3183FFD2400244D54 /* LCHTwitterService.m */,
			);
			name = services;
			sourceTree = "<group>";
		};
		8EABBF40183E687B00A3D705 /* services */ = {
			isa = PBXGroup;
			children = (
				8EABBF41183E689A00A3D705 /* LCHFoursquareServiceTests.m */,
			);
			name = services;
			sourceTree = "<group>";
		};
		8EABBF43183E802200A3D705 /* builders */ = {
			isa = PBXGroup;
			children = (
				8EABBF44183E805100A3D705 /* LCHFoursquareVenueBuilder.h */,
				8EABBF45183E805100A3D705 /* LCHFoursquareVenueBuilder.m */,
				8E6252AC183EB7DA00244D54 /* LCHFoursquareVenueMenuBuilder.h */,
				8E6252AD183EB7DA00244D54 /* LCHFoursquareVenueMenuBuilder.m */,
			);
			name = builders;
			sourceTree = "<group>";
		};
		8EABBF48183E805900A3D705 /* model */ = {
			isa = PBXGroup;
			children = (
				8E8BF21A1840F1130058262C /* fakes */,
				8E6252C3183F194400244D54 /* file */,
				8EABBF49183E808900A3D705 /* LCHFoursquareVenue.h */,
				8EABBF4A183E808900A3D705 /* LCHFoursquareVenue.m */,
				8E6252A0183EB56D00244D54 /* LCHMenu.h */,
				8E6252A1183EB56D00244D54 /* LCHMenu.m */,
				8E6252A4183EB58A00244D54 /* LCHMenuEntry.h */,
				8E6252A5183EB58A00244D54 /* LCHMenuEntry.m */,
				8E6252A8183EB68400244D54 /* LCHMenuSection.h */,
				8E6252A9183EB68400244D54 /* LCHMenuSection.m */,
				8EABBF52183E967800A3D705 /* LCHModel.h */,
				8EABBF53183E967800A3D705 /* LCHModel.m */,
			);
			name = model;
			sourceTree = "<group>";
		};
		8EABBF4D183E847C00A3D705 /* management */ = {
			isa = PBXGroup;
			children = (
				8EABBF4E183E84D500A3D705 /* LCHNetworkManager.h */,
				8EABBF4F183E84D500A3D705 /* LCHNetworkManager.m */,
				8E6252E418406AA200244D54 /* LCHSocialManager.h */,
				8E6252E518406AA200244D54 /* LCHSocialManager.m */,
			);
			name = management;
			sourceTree = "<group>";
		};
/* End PBXGroup section */

/* Begin PBXNativeTarget section */
		8E367E30183DBEEA001792E1 /* Lunchie */ = {
			isa = PBXNativeTarget;
			buildConfigurationList = 8E367E63183DBEEB001792E1 /* Build configuration list for PBXNativeTarget "Lunchie" */;
			buildPhases = (
				B3ADDB0ABBB548EDA65E9490 /* Check Pods Manifest.lock */,
				8E367E2D183DBEEA001792E1 /* Sources */,
				8E367E2E183DBEEA001792E1 /* Frameworks */,
				8E367E2F183DBEEA001792E1 /* Resources */,
				611DEF8E2F8F4840AB2FC12B /* Copy Pods Resources */,
			);
			buildRules = (
			);
			dependencies = (
			);
			name = Lunchie;
			productName = Lunchie;
			productReference = 8E367E31183DBEEA001792E1 /* Lunchie.app */;
			productType = "com.apple.product-type.application";
		};
		8E367E51183DBEEB001792E1 /* LunchieTests */ = {
			isa = PBXNativeTarget;
			buildConfigurationList = 8E367E66183DBEEB001792E1 /* Build configuration list for PBXNativeTarget "LunchieTests" */;
			buildPhases = (
				3039FD9C146F4274B276DC48 /* Check Pods Manifest.lock */,
				8E367E4E183DBEEB001792E1 /* Sources */,
				8E367E4F183DBEEB001792E1 /* Frameworks */,
				8E367E50183DBEEB001792E1 /* Resources */,
				56F590D305C544E780A00FE6 /* Copy Pods Resources */,
			);
			buildRules = (
			);
			dependencies = (
				8E367E58183DBEEB001792E1 /* PBXTargetDependency */,
			);
			name = LunchieTests;
			productName = LunchieTests;
			productReference = 8E367E52183DBEEB001792E1 /* LunchieTests.xctest */;
			productType = "com.apple.product-type.bundle.unit-test";
		};
/* End PBXNativeTarget section */

/* Begin PBXProject section */
		8E367E29183DBEEA001792E1 /* Project object */ = {
			isa = PBXProject;
			attributes = {
				CLASSPREFIX = LCH;
				LastUpgradeCheck = 0500;
				ORGANIZATIONNAME = 23bit;
				TargetAttributes = {
					8E367E51183DBEEB001792E1 = {
						TestTargetID = 8E367E30183DBEEA001792E1;
					};
				};
			};
			buildConfigurationList = 8E367E2C183DBEEA001792E1 /* Build configuration list for PBXProject "Lunchie" */;
			compatibilityVersion = "Xcode 3.2";
			developmentRegion = English;
			hasScannedForEncodings = 0;
			knownRegions = (
				en,
				Base,
			);
			mainGroup = 8E367E28183DBEEA001792E1;
			productRefGroup = 8E367E32183DBEEA001792E1 /* Products */;
			projectDirPath = "";
			projectRoot = "";
			targets = (
				8E367E30183DBEEA001792E1 /* Lunchie */,
				8E367E51183DBEEB001792E1 /* LunchieTests */,
			);
		};
/* End PBXProject section */

/* Begin PBXResourcesBuildPhase section */
		8E367E2F183DBEEA001792E1 /* Resources */ = {
			isa = PBXResourcesBuildPhase;
			buildActionMask = 2147483647;
			files = (
				8E37E4DF1841616A0074AFB4 /* Sullivan-Bevel.otf in Resources */,
				8ED72D89184395BD00BC4BE0 /* intro_bkgrnd_salad.png in Resources */,
				8E37E50618428B110074AFB4 /* thumbsDownIconNormal@2x.png in Resources */,
				8ED72D8B18439EDC00BC4BE0 /* checkmarkIcon@2x.png in Resources */,
				8E37E5091842AAE60074AFB4 /* backButton@2x.png in Resources */,
				8E37E4E918416D8D0074AFB4 /* intro_bkgrnd_2.png in Resources */,
				8ED72D88184395BD00BC4BE0 /* intro_bkgrnd_pasta.png in Resources */,
				8E37E4FF184262520074AFB4 /* heart@2x.png in Resources */,
				8E37E4D618415D9C0074AFB4 /* intro_bkgrnd_1.png in Resources */,
				8ED72D8418438E1C00BC4BE0 /* pasta@2x.png in Resources */,
				8ED72D8518438E1C00BC4BE0 /* salad@2x.png in Resources */,
				8E37E4E11841616A0074AFB4 /* Sullivan-Fill.otf in Resources */,
				8E367E4D183DBEEA001792E1 /* Images.xcassets in Resources */,
				8E367E3F183DBEEA001792E1 /* InfoPlist.strings in Resources */,
				8E37E4E01841616A0074AFB4 /* Sullivan-Regular.otf in Resources */,
				8E367E48183DBEEA001792E1 /* Main.storyboard in Resources */,
				8E37E4FC184258FC0074AFB4 /* sauce@2x.png in Resources */,
				8E37E50718428B110074AFB4 /* thumbsDownIconSelected@2x.png in Resources */,
			);
			runOnlyForDeploymentPostprocessing = 0;
		};
		8E367E50183DBEEB001792E1 /* Resources */ = {
			isa = PBXResourcesBuildPhase;
			buildActionMask = 2147483647;
			files = (
				8E367E5E183DBEEB001792E1 /* InfoPlist.strings in Resources */,
			);
			runOnlyForDeploymentPostprocessing = 0;
		};
/* End PBXResourcesBuildPhase section */

/* Begin PBXShellScriptBuildPhase section */
		3039FD9C146F4274B276DC48 /* Check Pods Manifest.lock */ = {
			isa = PBXShellScriptBuildPhase;
			buildActionMask = 2147483647;
			files = (
			);
			inputPaths = (
			);
			name = "Check Pods Manifest.lock";
			outputPaths = (
			);
			runOnlyForDeploymentPostprocessing = 0;
			shellPath = /bin/sh;
			shellScript = "diff \"${PODS_ROOT}/../Podfile.lock\" \"${PODS_ROOT}/Manifest.lock\" > /dev/null\nif [[ $? != 0 ]] ; then\n    cat << EOM\nerror: The sandbox is not in sync with the Podfile.lock. Run 'pod install' or update your CocoaPods installation.\nEOM\n    exit 1\nfi\n";
			showEnvVarsInLog = 0;
		};
		56F590D305C544E780A00FE6 /* Copy Pods Resources */ = {
			isa = PBXShellScriptBuildPhase;
			buildActionMask = 2147483647;
			files = (
			);
			inputPaths = (
			);
			name = "Copy Pods Resources";
			outputPaths = (
			);
			runOnlyForDeploymentPostprocessing = 0;
			shellPath = /bin/sh;
			shellScript = "\"${SRCROOT}/Pods/Pods-LunchieTests-resources.sh\"\n";
			showEnvVarsInLog = 0;
		};
		611DEF8E2F8F4840AB2FC12B /* Copy Pods Resources */ = {
			isa = PBXShellScriptBuildPhase;
			buildActionMask = 2147483647;
			files = (
			);
			inputPaths = (
			);
			name = "Copy Pods Resources";
			outputPaths = (
			);
			runOnlyForDeploymentPostprocessing = 0;
			shellPath = /bin/sh;
			shellScript = "\"${SRCROOT}/Pods/Pods-Lunchie-resources.sh\"\n";
			showEnvVarsInLog = 0;
		};
		B3ADDB0ABBB548EDA65E9490 /* Check Pods Manifest.lock */ = {
			isa = PBXShellScriptBuildPhase;
			buildActionMask = 2147483647;
			files = (
			);
			inputPaths = (
			);
			name = "Check Pods Manifest.lock";
			outputPaths = (
			);
			runOnlyForDeploymentPostprocessing = 0;
			shellPath = /bin/sh;
			shellScript = "diff \"${PODS_ROOT}/../Podfile.lock\" \"${PODS_ROOT}/Manifest.lock\" > /dev/null\nif [[ $? != 0 ]] ; then\n    cat << EOM\nerror: The sandbox is not in sync with the Podfile.lock. Run 'pod install' or update your CocoaPods installation.\nEOM\n    exit 1\nfi\n";
			showEnvVarsInLog = 0;
		};
/* End PBXShellScriptBuildPhase section */

/* Begin PBXSourcesBuildPhase section */
		8E367E2D183DBEEA001792E1 /* Sources */ = {
			isa = PBXSourcesBuildPhase;
			buildActionMask = 2147483647;
			files = (
				8E6252E618406AA200244D54 /* LCHSocialManager.m in Sources */,
				8EABBF4B183E808900A3D705 /* LCHFoursquareVenue.m in Sources */,
				8E37E4E4184161F80074AFB4 /* LCHColorHelper.m in Sources */,
				8E6252DA1840085800244D54 /* LCHFacebookService.m in Sources */,
				8E6252BF183F06F200244D54 /* HPTextViewInternal.m in Sources */,
				8E37E4F318417C8D0074AFB4 /* LCHSocialMediaButton.m in Sources */,
				8E6252BD183F06F200244D54 /* HPGrowingTextView.m in Sources */,
				8E37E4F9184251470074AFB4 /* LCHVenuePanel.m in Sources */,
				8E37E4EF18416FE00074AFB4 /* LCHSignupPanelView.m in Sources */,
				8EABBF46183E805100A3D705 /* LCHFoursquareVenueBuilder.m in Sources */,
				8E6252B2183EC11E00244D54 /* LCHMenuTableViewController.m in Sources */,
				8E6252AA183EB68400244D54 /* LCHMenuSection.m in Sources */,
				8E6252C6183F198400244D54 /* LCHStoredVenueData.m in Sources */,
				8E6252A6183EB58A00244D54 /* LCHMenuEntry.m in Sources */,
				8E367E7C183DCB23001792E1 /* LCHAppDelegate.m in Sources */,
				8E6252B6183F02A400244D54 /* LCHReviewViewController.m in Sources */,
				8EABBF3C183E679A00A3D705 /* LCHFoursquareService.m in Sources */,
				8E37E4F6184245340074AFB4 /* LCHVenuesViewController.m in Sources */,
				8EABBF54183E967800A3D705 /* LCHModel.m in Sources */,
				8E8BF21D1840F1810058262C /* LCHFakeTeam.m in Sources */,
				8E6252AE183EB7DA00244D54 /* LCHFoursquareVenueMenuBuilder.m in Sources */,
				8E6252D4183FFD2400244D54 /* LCHTwitterService.m in Sources */,
				8E6252CA183FAF4400244D54 /* LCHStoredVenueDatabase.m in Sources */,
				8E367E41183DBEEA001792E1 /* main.m in Sources */,
				8E6252A2183EB56D00244D54 /* LCHMenu.m in Sources */,
				8E6252CE183FB19A00244D54 /* LCHStoredVenue.m in Sources */,
				8E37E4E7184166AE0074AFB4 /* LCHIntroView.m in Sources */,
				8E37E4DA18415FCE0074AFB4 /* LCHFontHelper.m in Sources */,
				8E6252DE184060F900244D54 /* LCHIntroViewController.m in Sources */,
				8EABBF50183E84D500A3D705 /* LCHNetworkManager.m in Sources */,
			);
			runOnlyForDeploymentPostprocessing = 0;
		};
		8E367E4E183DBEEB001792E1 /* Sources */ = {
			isa = PBXSourcesBuildPhase;
			buildActionMask = 2147483647;
			files = (
				8E8BF21E1840F1810058262C /* LCHFakeTeam.m in Sources */,
				8EABBF4C183E808900A3D705 /* LCHFoursquareVenue.m in Sources */,
				8E6252AB183EB68400244D54 /* LCHMenuSection.m in Sources */,
				8EABBF42183E689A00A3D705 /* LCHFoursquareServiceTests.m in Sources */,
				8E6252B3183EC11E00244D54 /* LCHMenuTableViewController.m in Sources */,
				8E6252C7183F198400244D54 /* LCHStoredVenueData.m in Sources */,
				8E6252DB1840085800244D54 /* LCHFacebookService.m in Sources */,
				8E6252CF183FB19A00244D54 /* LCHStoredVenue.m in Sources */,
				8EABBF51183E84D500A3D705 /* LCHNetworkManager.m in Sources */,
				8E367E60183DBEEB001792E1 /* LunchieTests.m in Sources */,
				8E6252CB183FAF4400244D54 /* LCHStoredVenueDatabase.m in Sources */,
				8EABBF47183E805100A3D705 /* LCHFoursquareVenueBuilder.m in Sources */,
				8E6252D5183FFD2400244D54 /* LCHTwitterService.m in Sources */,
				8E6252BE183F06F200244D54 /* HPGrowingTextView.m in Sources */,
				8EABBF3D183E679A00A3D705 /* LCHFoursquareService.m in Sources */,
				8E6252AF183EB7DA00244D54 /* LCHFoursquareVenueMenuBuilder.m in Sources */,
				8E6252C0183F06F200244D54 /* HPTextViewInternal.m in Sources */,
				8E6252A3183EB56D00244D54 /* LCHMenu.m in Sources */,
				8E6252B7183F02A400244D54 /* LCHReviewViewController.m in Sources */,
				8EABBF55183E967800A3D705 /* LCHModel.m in Sources */,
				8E6252DF184060F900244D54 /* LCHIntroViewController.m in Sources */,
				8E367E7D183DCB23001792E1 /* LCHAppDelegate.m in Sources */,
				8E6252E718406AA200244D54 /* LCHSocialManager.m in Sources */,
				8E6252A7183EB58A00244D54 /* LCHMenuEntry.m in Sources */,
			);
			runOnlyForDeploymentPostprocessing = 0;
		};
/* End PBXSourcesBuildPhase section */

/* Begin PBXTargetDependency section */
		8E367E58183DBEEB001792E1 /* PBXTargetDependency */ = {
			isa = PBXTargetDependency;
			target = 8E367E30183DBEEA001792E1 /* Lunchie */;
			targetProxy = 8E367E57183DBEEB001792E1 /* PBXContainerItemProxy */;
		};
/* End PBXTargetDependency section */

/* Begin PBXVariantGroup section */
		8E367E3D183DBEEA001792E1 /* InfoPlist.strings */ = {
			isa = PBXVariantGroup;
			children = (
				8E367E3E183DBEEA001792E1 /* en */,
			);
			name = InfoPlist.strings;
			sourceTree = "<group>";
		};
		8E367E46183DBEEA001792E1 /* Main.storyboard */ = {
			isa = PBXVariantGroup;
			children = (
				8E367E47183DBEEA001792E1 /* Base */,
			);
			name = Main.storyboard;
			sourceTree = "<group>";
		};
		8E367E5C183DBEEB001792E1 /* InfoPlist.strings */ = {
			isa = PBXVariantGroup;
			children = (
				8E367E5D183DBEEB001792E1 /* en */,
			);
			name = InfoPlist.strings;
			sourceTree = "<group>";
		};
/* End PBXVariantGroup section */

/* Begin XCBuildConfiguration section */
		8E367E61183DBEEB001792E1 /* Debug */ = {
			isa = XCBuildConfiguration;
			buildSettings = {
				ALWAYS_SEARCH_USER_PATHS = NO;
				ARCHS = "$(ARCHS_STANDARD_INCLUDING_64_BIT)";
				CLANG_CXX_LANGUAGE_STANDARD = "gnu++0x";
				CLANG_CXX_LIBRARY = "libc++";
				CLANG_ENABLE_MODULES = YES;
				CLANG_ENABLE_OBJC_ARC = YES;
				CLANG_WARN_BOOL_CONVERSION = YES;
				CLANG_WARN_CONSTANT_CONVERSION = YES;
				CLANG_WARN_DIRECT_OBJC_ISA_USAGE = YES_ERROR;
				CLANG_WARN_EMPTY_BODY = YES;
				CLANG_WARN_ENUM_CONVERSION = YES;
				CLANG_WARN_INT_CONVERSION = YES;
				CLANG_WARN_OBJC_ROOT_CLASS = YES_ERROR;
				CLANG_WARN__DUPLICATE_METHOD_MATCH = YES;
				"CODE_SIGN_IDENTITY[sdk=iphoneos*]" = "iPhone Developer";
				COPY_PHASE_STRIP = NO;
				GCC_C_LANGUAGE_STANDARD = gnu99;
				GCC_DYNAMIC_NO_PIC = NO;
				GCC_OPTIMIZATION_LEVEL = 0;
				GCC_PREPROCESSOR_DEFINITIONS = (
					"DEBUG=1",
					"$(inherited)",
				);
				GCC_SYMBOLS_PRIVATE_EXTERN = NO;
				GCC_WARN_64_TO_32_BIT_CONVERSION = YES;
				GCC_WARN_ABOUT_RETURN_TYPE = YES_ERROR;
				GCC_WARN_UNDECLARED_SELECTOR = YES;
				GCC_WARN_UNINITIALIZED_AUTOS = YES;
				GCC_WARN_UNUSED_FUNCTION = YES;
				GCC_WARN_UNUSED_VARIABLE = YES;
				IPHONEOS_DEPLOYMENT_TARGET = 7.0;
				ONLY_ACTIVE_ARCH = YES;
				SDKROOT = iphoneos;
			};
			name = Debug;
		};
		8E367E62183DBEEB001792E1 /* Release */ = {
			isa = XCBuildConfiguration;
			buildSettings = {
				ALWAYS_SEARCH_USER_PATHS = NO;
				ARCHS = "$(ARCHS_STANDARD_INCLUDING_64_BIT)";
				CLANG_CXX_LANGUAGE_STANDARD = "gnu++0x";
				CLANG_CXX_LIBRARY = "libc++";
				CLANG_ENABLE_MODULES = YES;
				CLANG_ENABLE_OBJC_ARC = YES;
				CLANG_WARN_BOOL_CONVERSION = YES;
				CLANG_WARN_CONSTANT_CONVERSION = YES;
				CLANG_WARN_DIRECT_OBJC_ISA_USAGE = YES_ERROR;
				CLANG_WARN_EMPTY_BODY = YES;
				CLANG_WARN_ENUM_CONVERSION = YES;
				CLANG_WARN_INT_CONVERSION = YES;
				CLANG_WARN_OBJC_ROOT_CLASS = YES_ERROR;
				CLANG_WARN__DUPLICATE_METHOD_MATCH = YES;
				"CODE_SIGN_IDENTITY[sdk=iphoneos*]" = "iPhone Developer";
				COPY_PHASE_STRIP = YES;
				ENABLE_NS_ASSERTIONS = NO;
				GCC_C_LANGUAGE_STANDARD = gnu99;
				GCC_WARN_64_TO_32_BIT_CONVERSION = YES;
				GCC_WARN_ABOUT_RETURN_TYPE = YES_ERROR;
				GCC_WARN_UNDECLARED_SELECTOR = YES;
				GCC_WARN_UNINITIALIZED_AUTOS = YES;
				GCC_WARN_UNUSED_FUNCTION = YES;
				GCC_WARN_UNUSED_VARIABLE = YES;
				IPHONEOS_DEPLOYMENT_TARGET = 7.0;
				SDKROOT = iphoneos;
				VALIDATE_PRODUCT = YES;
			};
			name = Release;
		};
		8E367E64183DBEEB001792E1 /* Debug */ = {
			isa = XCBuildConfiguration;
			baseConfigurationReference = 1B8FAB723A4B4C9A92239D04 /* Pods-Lunchie.xcconfig */;
			buildSettings = {
				ASSETCATALOG_COMPILER_APPICON_NAME = AppIcon;
				ASSETCATALOG_COMPILER_LAUNCHIMAGE_NAME = LaunchImage;
				GCC_PRECOMPILE_PREFIX_HEADER = YES;
				GCC_PREFIX_HEADER = "Lunchie/Lunchie-Prefix.pch";
				INFOPLIST_FILE = "Lunchie/Lunchie-Info.plist";
				OTHER_CFLAGS = "-fobjc-arc";
				PRODUCT_NAME = "$(TARGET_NAME)";
				WRAPPER_EXTENSION = app;
			};
			name = Debug;
		};
		8E367E65183DBEEB001792E1 /* Release */ = {
			isa = XCBuildConfiguration;
			baseConfigurationReference = 1B8FAB723A4B4C9A92239D04 /* Pods-Lunchie.xcconfig */;
			buildSettings = {
				ASSETCATALOG_COMPILER_APPICON_NAME = AppIcon;
				ASSETCATALOG_COMPILER_LAUNCHIMAGE_NAME = LaunchImage;
				GCC_PRECOMPILE_PREFIX_HEADER = YES;
				GCC_PREFIX_HEADER = "Lunchie/Lunchie-Prefix.pch";
				INFOPLIST_FILE = "Lunchie/Lunchie-Info.plist";
				OTHER_CFLAGS = "-fobjc-arc";
				PRODUCT_NAME = "$(TARGET_NAME)";
				WRAPPER_EXTENSION = app;
			};
			name = Release;
		};
		8E367E67183DBEEB001792E1 /* Debug */ = {
			isa = XCBuildConfiguration;
			baseConfigurationReference = 384B1BD7E3B343E6AEF9AFD1 /* Pods-LunchieTests.xcconfig */;
			buildSettings = {
				ARCHS = "$(ARCHS_STANDARD_INCLUDING_64_BIT)";
				BUNDLE_LOADER = "$(BUILT_PRODUCTS_DIR)/Lunchie.app/Lunchie";
				FRAMEWORK_SEARCH_PATHS = (
					"$(SDKROOT)/Developer/Library/Frameworks",
					"$(inherited)",
					"$(DEVELOPER_FRAMEWORKS_DIR)",
				);
				GCC_PRECOMPILE_PREFIX_HEADER = YES;
				GCC_PREFIX_HEADER = "Lunchie/Lunchie-Prefix.pch";
				GCC_PREPROCESSOR_DEFINITIONS = (
					"DEBUG=1",
					"$(inherited)",
				);
				INFOPLIST_FILE = "LunchieTests/LunchieTests-Info.plist";
				PRODUCT_NAME = "$(TARGET_NAME)";
				TEST_HOST = "$(BUNDLE_LOADER)";
				WRAPPER_EXTENSION = xctest;
			};
			name = Debug;
		};
		8E367E68183DBEEB001792E1 /* Release */ = {
			isa = XCBuildConfiguration;
			baseConfigurationReference = 384B1BD7E3B343E6AEF9AFD1 /* Pods-LunchieTests.xcconfig */;
			buildSettings = {
				ARCHS = "$(ARCHS_STANDARD_INCLUDING_64_BIT)";
				BUNDLE_LOADER = "$(BUILT_PRODUCTS_DIR)/Lunchie.app/Lunchie";
				FRAMEWORK_SEARCH_PATHS = (
					"$(SDKROOT)/Developer/Library/Frameworks",
					"$(inherited)",
					"$(DEVELOPER_FRAMEWORKS_DIR)",
				);
				GCC_PRECOMPILE_PREFIX_HEADER = YES;
				GCC_PREFIX_HEADER = "Lunchie/Lunchie-Prefix.pch";
				INFOPLIST_FILE = "LunchieTests/LunchieTests-Info.plist";
				PRODUCT_NAME = "$(TARGET_NAME)";
				TEST_HOST = "$(BUNDLE_LOADER)";
				WRAPPER_EXTENSION = xctest;
			};
			name = Release;
		};
/* End XCBuildConfiguration section */

/* Begin XCConfigurationList section */
		8E367E2C183DBEEA001792E1 /* Build configuration list for PBXProject "Lunchie" */ = {
			isa = XCConfigurationList;
			buildConfigurations = (
				8E367E61183DBEEB001792E1 /* Debug */,
				8E367E62183DBEEB001792E1 /* Release */,
			);
			defaultConfigurationIsVisible = 0;
			defaultConfigurationName = Release;
		};
		8E367E63183DBEEB001792E1 /* Build configuration list for PBXNativeTarget "Lunchie" */ = {
			isa = XCConfigurationList;
			buildConfigurations = (
				8E367E64183DBEEB001792E1 /* Debug */,
				8E367E65183DBEEB001792E1 /* Release */,
			);
			defaultConfigurationIsVisible = 0;
			defaultConfigurationName = Release;
		};
		8E367E66183DBEEB001792E1 /* Build configuration list for PBXNativeTarget "LunchieTests" */ = {
			isa = XCConfigurationList;
			buildConfigurations = (
				8E367E67183DBEEB001792E1 /* Debug */,
				8E367E68183DBEEB001792E1 /* Release */,
			);
			defaultConfigurationIsVisible = 0;
			defaultConfigurationName = Release;
		};
/* End XCConfigurationList section */
	};
	rootObject = 8E367E29183DBEEA001792E1 /* Project object */;
}
